
Microsoft Visual Studio Solution File, Format Version 12.00
# Visual Studio Version 16
VisualStudioVersion = 16.0.31321.278
MinimumVisualStudioVersion = 10.0.40219.1
Project("{FAE04EC0-301F-11D3-BF4B-00C04F79EFBC}") = "MR.Api", "MR.Api\MR.Api.csproj", "{B6066D9E-D311-48DF-BAA5-FDDF286CB658}"
EndProject
Project("{FAE04EC0-301F-11D3-BF4B-00C04F79EFBC}") = "MR.DataAccessLayer", "MR.DataAccessLayer\MR.DataAccessLayer.csproj", "{6466132C-445E-4DC4-BC64-5838A00A8FC7}"
EndProject
Project("{FAE04EC0-301F-11D3-BF4B-00C04F79EFBC}") = "MR.LogicLayer", "MR.LogicLayer\MR.LogicLayer.csproj", "{35DB9088-1E1A-488C-8D5A-726D632B0F70}"
EndProject
Global
	GlobalSection(SolutionConfigurationPlatforms) = preSolution
		Debug|Any CPU = Debug|Any CPU
		Release|Any CPU = Release|Any CPU
	EndGlobalSection
	GlobalSection(ProjectConfigurationPlatforms) = postSolution
		{B6066D9E-D311-48DF-BAA5-FDDF286CB658}.Debug|Any CPU.ActiveCfg = Debug|Any CPU
		{B6066D9E-D311-48DF-BAA5-FDDF286CB658}.Debug|Any CPU.Build.0 = Debug|Any CPU
		{B6066D9E-D311-48DF-BAA5-FDDF286CB658}.Release|Any CPU.ActiveCfg = Release|Any CPU
		{B6066D9E-D311-48DF-BAA5-FDDF286CB658}.Release|Any CPU.Build.0 = Release|Any CPU
		{6466132C-445E-4DC4-BC64-5838A00A8FC7}.Debug|Any CPU.ActiveCfg = Debug|Any CPU
		{6466132C-445E-4DC4-BC64-5838A00A8FC7}.Debug|Any CPU.Build.0 = Debug|Any CPU
		{6466132C-445E-4DC4-BC64-5838A00A8FC7}.Release|Any CPU.ActiveCfg = Release|Any CPU
		{6466132C-445E-4DC4-BC64-5838A00A8FC7}.Release|Any CPU.Build.0 = Release|Any CPU
		{35DB9088-1E1A-488C-8D5A-726D632B0F70}.Debug|Any CPU.ActiveCfg = Debug|Any CPU
		{35DB9088-1E1A-488C-8D5A-726D632B0F70}.Debug|Any CPU.Build.0 = Debug|Any CPU
		{35DB9088-1E1A-488C-8D5A-726D632B0F70}.Release|Any CPU.ActiveCfg = Release|Any CPU
		{35DB9088-1E1A-488C-8D5A-726D632B0F70}.Release|Any CPU.Build.0 = Release|Any CPU
	EndGlobalSection
	GlobalSection(SolutionProperties) = preSolution
		HideSolutionNode = FALSE
	EndGlobalSection
	GlobalSection(ExtensibilityGlobals) = postSolution
		SolutionGuid = {4E88D713-D236-49ED-9FD5-A9513043CC3E}
	EndGlobalSection
EndGlobal
